
Microsoft Visual Studio Solution File, Format Version 11.00
# Visual Studio 2010
Project("{FAE04EC0-301F-11D3-BF4B-00C04F79EFBC}") = "ManageProgramOverflow", "ManageProgramOverflow\ManageProgramOverflow.csproj", "{B1B7CEB4-CBBE-4EF4-B843-62D5370F7215}"
EndProject
Global
	GlobalSection(SolutionConfigurationPlatforms) = preSolution
		Debug|x86 = Debug|x86
		Release|x86 = Release|x86
	EndGlobalSection
	GlobalSection(ProjectConfigurationPlatforms) = postSolution
		{B1B7CEB4-CBBE-4EF4-B843-62D5370F7215}.Debug|x86.ActiveCfg = Debug|x86
		{B1B7CEB4-CBBE-4EF4-B843-62D5370F7215}.Debug|x86.Build.0 = Debug|x86
		{B1B7CEB4-CBBE-4EF4-B843-62D5370F7215}.Release|x86.ActiveCfg = Release|x86
		{B1B7CEB4-CBBE-4EF4-B843-62D5370F7215}.Release|x86.Build.0 = Release|x86
	EndGlobalSection
	GlobalSection(SolutionProperties) = preSolution
		HideSolutionNode = FALSE
	EndGlobalSection
EndGlobal
